// !$*UTF8*$!
{
	archiveVersion = 1;
	classes = {
	};
	objectVersion = 55;
	objects = {

/* Begin PBXBuildFile section */
		6E7ED2412841DB2A00CF60FC /* cintaadalahmisteri.mp3 in Resources */ = {isa = PBXBuildFile; fileRef = 6E7ED2402841DB2A00CF60FC /* cintaadalahmisteri.mp3 */; };
		6E7ED2432841DB7C00CF60FC /* dewapupus.MP3 in Resources */ = {isa = PBXBuildFile; fileRef = 6E7ED2422841DB7C00CF60FC /* dewapupus.MP3 */; };
		6E7ED2452841DB8600CF60FC /* hadapidengansenyuman.mp3 in Resources */ = {isa = PBXBuildFile; fileRef = 6E7ED2442841DB8600CF60FC /* hadapidengansenyuman.mp3 */; };
		6E7ED2472841DD7D00CF60FC /* dewa.jpeg in Resources */ = {isa = PBXBuildFile; fileRef = 6E7ED2462841DD7D00CF60FC /* dewa.jpeg */; };
		6EAE80FA2841946300D8C2F8 /* AppDelegate.swift in Sources */ = {isa = PBXBuildFile; fileRef = 6EAE80F92841946300D8C2F8 /* AppDelegate.swift */; };
		6EAE80FC2841946300D8C2F8 /* SceneDelegate.swift in Sources */ = {isa = PBXBuildFile; fileRef = 6EAE80FB2841946300D8C2F8 /* SceneDelegate.swift */; };
		6EAE80FE2841946300D8C2F8 /* ViewController.swift in Sources */ = {isa = PBXBuildFile; fileRef = 6EAE80FD2841946300D8C2F8 /* ViewController.swift */; };
		6EAE81012841946300D8C2F8 /* Main.storyboard in Resources */ = {isa = PBXBuildFile; fileRef = 6EAE80FF2841946300D8C2F8 /* Main.storyboard */; };
		6EAE81032841946600D8C2F8 /* Assets.xcassets in Resources */ = {isa = PBXBuildFile; fileRef = 6EAE81022841946600D8C2F8 /* Assets.xcassets */; };
		6EAE81062841946600D8C2F8 /* LaunchScreen.storyboard in Resources */ = {isa = PBXBuildFile; fileRef = 6EAE81042841946600D8C2F8 /* LaunchScreen.storyboard */; };
		6EAE81112841946700D8C2F8 /* MusicPlayerTests.swift in Sources */ = {isa = PBXBuildFile; fileRef = 6EAE81102841946700D8C2F8 /* MusicPlayerTests.swift */; };
		6EAE811B2841946700D8C2F8 /* MusicPlayerUITests.swift in Sources */ = {isa = PBXBuildFile; fileRef = 6EAE811A2841946700D8C2F8 /* MusicPlayerUITests.swift */; };
		6EAE811D2841946700D8C2F8 /* MusicPlayerUITestsLaunchTests.swift in Sources */ = {isa = PBXBuildFile; fileRef = 6EAE811C2841946700D8C2F8 /* MusicPlayerUITestsLaunchTests.swift */; };
		6EAE812C2841950D00D8C2F8 /* PlayerViewController.swift in Sources */ = {isa = PBXBuildFile; fileRef = 6EAE812B2841950D00D8C2F8 /* PlayerViewController.swift */; };
/* End PBXBuildFile section */

/* Begin PBXContainerItemProxy section */
		6EAE810D2841946700D8C2F8 /* PBXContainerItemProxy */ = {
			isa = PBXContainerItemProxy;
			containerPortal = 6EAE80EE2841946300D8C2F8 /* Project object */;
			proxyType = 1;
			remoteGlobalIDString = 6EAE80F52841946300D8C2F8;
			remoteInfo = MusicPlayer;
		};
		6EAE81172841946700D8C2F8 /* PBXContainerItemProxy */ = {
			isa = PBXContainerItemProxy;
			containerPortal = 6EAE80EE2841946300D8C2F8 /* Project object */;
			proxyType = 1;
			remoteGlobalIDString = 6EAE80F52841946300D8C2F8;
			remoteInfo = MusicPlayer;
		};
/* End PBXContainerItemProxy section */

/* Begin PBXFileReference section */
		6E7ED2402841DB2A00CF60FC /* cintaadalahmisteri.mp3 */ = {isa = PBXFileReference; lastKnownFileType = audio.mp3; path = cintaadalahmisteri.mp3; sourceTree = "<group>"; };
		6E7ED2422841DB7C00CF60FC /* dewapupus.MP3 */ = {isa = PBXFileReference; lastKnownFileType = audio.mp3; path = dewapupus.MP3; sourceTree = "<group>"; };
		6E7ED2442841DB8600CF60FC /* hadapidengansenyuman.mp3 */ = {isa = PBXFileReference; lastKnownFileType = audio.mp3; path = hadapidengansenyuman.mp3; sourceTree = "<group>"; };
		6E7ED2462841DD7D00CF60FC /* dewa.jpeg */ = {isa = PBXFileReference; lastKnownFileType = image.jpeg; path = dewa.jpeg; sourceTree = "<group>"; };
		6EAE80F62841946300D8C2F8 /* MusicPlayer.app */ = {isa = PBXFileReference; explicitFileType = wrapper.application; includeInIndex = 0; path = MusicPlayer.app; sourceTree = BUILT_PRODUCTS_DIR; };
		6EAE80F92841946300D8C2F8 /* AppDelegate.swift */ = {isa = PBXFileReference; lastKnownFileType = sourcecode.swift; path = AppDelegate.swift; sourceTree = "<group>"; };
		6EAE80FB2841946300D8C2F8 /* SceneDelegate.swift */ = {isa = PBXFileReference; lastKnownFileType = sourcecode.swift; path = SceneDelegate.swift; sourceTree = "<group>"; };
		6EAE80FD2841946300D8C2F8 /* ViewController.swift */ = {isa = PBXFileReference; lastKnownFileType = sourcecode.swift; path = ViewController.swift; sourceTree = "<group>"; };
		6EAE81002841946300D8C2F8 /* Base */ = {isa = PBXFileReference; lastKnownFileType = file.storyboard; name = Base; path = Base.lproj/Main.storyboard; sourceTree = "<group>"; };
		6EAE81022841946600D8C2F8 /* Assets.xcassets */ = {isa = PBXFileReference; lastKnownFileType = folder.assetcatalog; path = Assets.xcassets; sourceTree = "<group>"; };
		6EAE81052841946600D8C2F8 /* Base */ = {isa = PBXFileReference; lastKnownFileType = file.storyboard; name = Base; path = Base.lproj/LaunchScreen.storyboard; sourceTree = "<group>"; };
		6EAE81072841946700D8C2F8 /* Info.plist */ = {isa = PBXFileReference; lastKnownFileType = text.plist.xml; path = Info.plist; sourceTree = "<group>"; };
		6EAE810C2841946700D8C2F8 /* MusicPlayerTests.xctest */ = {isa = PBXFileReference; explicitFileType = wrapper.cfbundle; includeInIndex = 0; path = MusicPlayerTests.xctest; sourceTree = BUILT_PRODUCTS_DIR; };
		6EAE81102841946700D8C2F8 /* MusicPlayerTests.swift */ = {isa = PBXFileReference; lastKnownFileType = sourcecode.swift; path = MusicPlayerTests.swift; sourceTree = "<group>"; };
		6EAE81162841946700D8C2F8 /* MusicPlayerUITests.xctest */ = {isa = PBXFileReference; explicitFileType = wrapper.cfbundle; includeInIndex = 0; path = MusicPlayerUITests.xctest; sourceTree = BUILT_PRODUCTS_DIR; };
		6EAE811A2841946700D8C2F8 /* MusicPlayerUITests.swift */ = {isa = PBXFileReference; lastKnownFileType = sourcecode.swift; path = MusicPlayerUITests.swift; sourceTree = "<group>"; };
		6EAE811C2841946700D8C2F8 /* MusicPlayerUITestsLaunchTests.swift */ = {isa = PBXFileReference; lastKnownFileType = sourcecode.swift; path = MusicPlayerUITestsLaunchTests.swift; sourceTree = "<group>"; };
		6EAE812B2841950D00D8C2F8 /* PlayerViewController.swift */ = {isa = PBXFileReference; lastKnownFileType = sourcecode.swift; path = PlayerViewController.swift; sourceTree = "<group>"; };
/* End PBXFileReference section */

/* Begin PBXFrameworksBuildPhase section */
		6EAE80F32841946300D8C2F8 /* Frameworks */ = {
			isa = PBXFrameworksBuildPhase;
			buildActionMask = 2147483647;
			files = (
			);
			runOnlyForDeploymentPostprocessing = 0;
		};
		6EAE81092841946700D8C2F8 /* Frameworks */ = {
			isa = PBXFrameworksBuildPhase;
			buildActionMask = 2147483647;
			files = (
			);
			runOnlyForDeploymentPostprocessing = 0;
		};
		6EAE81132841946700D8C2F8 /* Frameworks */ = {
			isa = PBXFrameworksBuildPhase;
			buildActionMask = 2147483647;
			files = (
			);
			runOnlyForDeploymentPostprocessing = 0;
		};
/* End PBXFrameworksBuildPhase section */

/* Begin PBXGroup section */
		6EAE80ED2841946300D8C2F8 = {
			isa = PBXGroup;
			children = (
				6EAE80F82841946300D8C2F8 /* MusicPlayer */,
				6EAE810F2841946700D8C2F8 /* MusicPlayerTests */,
				6EAE81192841946700D8C2F8 /* MusicPlayerUITests */,
				6EAE80F72841946300D8C2F8 /* Products */,
			);
			sourceTree = "<group>";
		};
		6EAE80F72841946300D8C2F8 /* Products */ = {
			isa = PBXGroup;
			children = (
				6EAE80F62841946300D8C2F8 /* MusicPlayer.app */,
				6EAE810C2841946700D8C2F8 /* MusicPlayerTests.xctest */,
				6EAE81162841946700D8C2F8 /* MusicPlayerUITests.xctest */,
			);
			name = Products;
			sourceTree = "<group>";
		};
		6EAE80F82841946300D8C2F8 /* MusicPlayer */ = {
			isa = PBXGroup;
			children = (
				6E7ED2402841DB2A00CF60FC /* cintaadalahmisteri.mp3 */,
				6E7ED2422841DB7C00CF60FC /* dewapupus.MP3 */,
				6E7ED2442841DB8600CF60FC /* hadapidengansenyuman.mp3 */,
				6EAE80F92841946300D8C2F8 /* AppDelegate.swift */,
				6EAE80FB2841946300D8C2F8 /* SceneDelegate.swift */,
				6EAE80FD2841946300D8C2F8 /* ViewController.swift */,
				6EAE80FF2841946300D8C2F8 /* Main.storyboard */,
				6EAE81022841946600D8C2F8 /* Assets.xcassets */,
				6E7ED2462841DD7D00CF60FC /* dewa.jpeg */,
				6EAE81042841946600D8C2F8 /* LaunchScreen.storyboard */,
				6EAE81072841946700D8C2F8 /* Info.plist */,
				6EAE812B2841950D00D8C2F8 /* PlayerViewController.swift */,
			);
			path = MusicPlayer;
			sourceTree = "<group>";
		};
		6EAE810F2841946700D8C2F8 /* MusicPlayerTests */ = {
			isa = PBXGroup;
			children = (
				6EAE81102841946700D8C2F8 /* MusicPlayerTests.swift */,
			);
			path = MusicPlayerTests;
			sourceTree = "<group>";
		};
		6EAE81192841946700D8C2F8 /* MusicPlayerUITests */ = {
			isa = PBXGroup;
			children = (
				6EAE811A2841946700D8C2F8 /* MusicPlayerUITests.swift */,
				6EAE811C2841946700D8C2F8 /* MusicPlayerUITestsLaunchTests.swift */,
			);
			path = MusicPlayerUITests;
			sourceTree = "<group>";
		};
/* End PBXGroup section */

/* Begin PBXNativeTarget section */
		6EAE80F52841946300D8C2F8 /* MusicPlayer */ = {
			isa = PBXNativeTarget;
			buildConfigurationList = 6EAE81202841946700D8C2F8 /* Build configuration list for PBXNativeTarget "MusicPlayer" */;
			buildPhases = (
				6EAE80F22841946300D8C2F8 /* Sources */,
				6EAE80F32841946300D8C2F8 /* Frameworks */,
				6EAE80F42841946300D8C2F8 /* Resources */,
			);
			buildRules = (
			);
			dependencies = (
			);
			name = MusicPlayer;
			productName = MusicPlayer;
			productReference = 6EAE80F62841946300D8C2F8 /* MusicPlayer.app */;
			productType = "com.apple.product-type.application";
		};
		6EAE810B2841946700D8C2F8 /* MusicPlayerTests */ = {
			isa = PBXNativeTarget;
			buildConfigurationList = 6EAE81232841946700D8C2F8 /* Build configuration list for PBXNativeTarget "MusicPlayerTests" */;
			buildPhases = (
				6EAE81082841946700D8C2F8 /* Sources */,
				6EAE81092841946700D8C2F8 /* Frameworks */,
				6EAE810A2841946700D8C2F8 /* Resources */,
			);
			buildRules = (
			);
			dependencies = (
				6EAE810E2841946700D8C2F8 /* PBXTargetDependency */,
			);
			name = MusicPlayerTests;
			productName = MusicPlayerTests;
			productReference = 6EAE810C2841946700D8C2F8 /* MusicPlayerTests.xctest */;
			productType = "com.apple.product-type.bundle.unit-test";
		};
		6EAE81152841946700D8C2F8 /* MusicPlayerUITests */ = {
			isa = PBXNativeTarget;
			buildConfigurationList = 6EAE81262841946700D8C2F8 /* Build configuration list for PBXNativeTarget "MusicPlayerUITests" */;
			buildPhases = (
				6EAE81122841946700D8C2F8 /* Sources */,
				6EAE81132841946700D8C2F8 /* Frameworks */,
				6EAE81142841946700D8C2F8 /* Resources */,
			);
			buildRules = (
			);
			dependencies = (
				6EAE81182841946700D8C2F8 /* PBXTargetDependency */,
			);
			name = MusicPlayerUITests;
			productName = MusicPlayerUITests;
			productReference = 6EAE81162841946700D8C2F8 /* MusicPlayerUITests.xctest */;
			productType = "com.apple.product-type.bundle.ui-testing";
		};
/* End PBXNativeTarget section */

/* Begin PBXProject section */
		6EAE80EE2841946300D8C2F8 /* Project object */ = {
			isa = PBXProject;
			attributes = {
				BuildIndependentTargetsInParallel = 1;
				LastSwiftUpdateCheck = 1320;
				LastUpgradeCheck = 1320;
				TargetAttributes = {
					6EAE80F52841946300D8C2F8 = {
						CreatedOnToolsVersion = 13.2.1;
					};
					6EAE810B2841946700D8C2F8 = {
						CreatedOnToolsVersion = 13.2.1;
						TestTargetID = 6EAE80F52841946300D8C2F8;
					};
					6EAE81152841946700D8C2F8 = {
						CreatedOnToolsVersion = 13.2.1;
						TestTargetID = 6EAE80F52841946300D8C2F8;
					};
				};
			};
			buildConfigurationList = 6EAE80F12841946300D8C2F8 /* Build configuration list for PBXProject "MusicPlayer" */;
			compatibilityVersion = "Xcode 13.0";
			developmentRegion = en;
			hasScannedForEncodings = 0;
			knownRegions = (
				en,
				Base,
			);
			mainGroup = 6EAE80ED2841946300D8C2F8;
			productRefGroup = 6EAE80F72841946300D8C2F8 /* Products */;
			projectDirPath = "";
			projectRoot = "";
			targets = (
				6EAE80F52841946300D8C2F8 /* MusicPlayer */,
				6EAE810B2841946700D8C2F8 /* MusicPlayerTests */,
				6EAE81152841946700D8C2F8 /* MusicPlayerUITests */,
			);
		};
/* End PBXProject section */

/* Begin PBXResourcesBuildPhase section */
		6EAE80F42841946300D8C2F8 /* Resources */ = {
			isa = PBXResourcesBuildPhase;
			buildActionMask = 2147483647;
			files = (
				6E7ED2432841DB7C00CF60FC /* dewapupus.MP3 in Resources */,
				6E7ED2412841DB2A00CF60FC /* cintaadalahmisteri.mp3 in Resources */,
				6EAE81062841946600D8C2F8 /* LaunchScreen.storyboard in Resources */,
				6EAE81032841946600D8C2F8 /* Assets.xcassets in Resources */,
				6EAE81012841946300D8C2F8 /* Main.storyboard in Resources */,
				6E7ED2452841DB8600CF60FC /* hadapidengansenyuman.mp3 in Resources */,
				6E7ED2472841DD7D00CF60FC /* dewa.jpeg in Resources */,
			);
			runOnlyForDeploymentPostprocessing = 0;
		};
		6EAE810A2841946700D8C2F8 /* Resources */ = {
			isa = PBXResourcesBuildPhase;
			buildActionMask = 2147483647;
			files = (
			);
			runOnlyForDeploymentPostprocessing = 0;
		};
		6EAE81142841946700D8C2F8 /* Resources */ = {
			isa = PBXResourcesBuildPhase;
			buildActionMask = 2147483647;
			files = (
			);
			runOnlyForDeploymentPostprocessing = 0;
		};
/* End PBXResourcesBuildPhase section */

/* Begin PBXSourcesBuildPhase section */
		6EAE80F22841946300D8C2F8 /* Sources */ = {
			isa = PBXSourcesBuildPhase;
			buildActionMask = 2147483647;
			files = (
				6EAE80FE2841946300D8C2F8 /* ViewController.swift in Sources */,
				6EAE812C2841950D00D8C2F8 /* PlayerViewController.swift in Sources */,
				6EAE80FA2841946300D8C2F8 /* AppDelegate.swift in Sources */,
				6EAE80FC2841946300D8C2F8 /* SceneDelegate.swift in Sources */,
			);
			runOnlyForDeploymentPostprocessing = 0;
		};
		6EAE81082841946700D8C2F8 /* Sources */ = {
			isa = PBXSourcesBuildPhase;
			buildActionMask = 2147483647;
			files = (
				6EAE81112841946700D8C2F8 /* MusicPlayerTests.swift in Sources */,
			);
			runOnlyForDeploymentPostprocessing = 0;
		};
		6EAE81122841946700D8C2F8 /* Sources */ = {
			isa = PBXSourcesBuildPhase;
			buildActionMask = 2147483647;
			files = (
				6EAE811B2841946700D8C2F8 /* MusicPlayerUITests.swift in Sources */,
				6EAE811D2841946700D8C2F8 /* MusicPlayerUITestsLaunchTests.swift in Sources */,
			);
			runOnlyForDeploymentPostprocessing = 0;
		};
/* End PBXSourcesBuildPhase section */

/* Begin PBXTargetDependency section */
		6EAE810E2841946700D8C2F8 /* PBXTargetDependency */ = {
			isa = PBXTargetDependency;
			target = 6EAE80F52841946300D8C2F8 /* MusicPlayer */;
			targetProxy = 6EAE810D2841946700D8C2F8 /* PBXContainerItemProxy */;
		};
		6EAE81182841946700D8C2F8 /* PBXTargetDependency */ = {
			isa = PBXTargetDependency;
			target = 6EAE80F52841946300D8C2F8 /* MusicPlayer */;
			targetProxy = 6EAE81172841946700D8C2F8 /* PBXContainerItemProxy */;
		};
/* End PBXTargetDependency section */

/* Begin PBXVariantGroup section */
		6EAE80FF2841946300D8C2F8 /* Main.storyboard */ = {
			isa = PBXVariantGroup;
			children = (
				6EAE81002841946300D8C2F8 /* Base */,
			);
			name = Main.storyboard;
			sourceTree = "<group>";
		};
		6EAE81042841946600D8C2F8 /* LaunchScreen.storyboard */ = {
			isa = PBXVariantGroup;
			children = (
				6EAE81052841946600D8C2F8 /* Base */,
			);
			name = LaunchScreen.storyboard;
			sourceTree = "<group>";
		};
/* End PBXVariantGroup section */

/* Begin XCBuildConfiguration section */
		6EAE811E2841946700D8C2F8 /* Debug */ = {
			isa = XCBuildConfiguration;
			buildSettings = {
				ALWAYS_SEARCH_USER_PATHS = NO;
				CLANG_ANALYZER_NONNULL = YES;
				CLANG_ANALYZER_NUMBER_OBJECT_CONVERSION = YES_AGGRESSIVE;
				CLANG_CXX_LANGUAGE_STANDARD = "gnu++17";
				CLANG_CXX_LIBRARY = "libc++";
				CLANG_ENABLE_MODULES = YES;
				CLANG_ENABLE_OBJC_ARC = YES;
				CLANG_ENABLE_OBJC_WEAK = YES;
				CLANG_WARN_BLOCK_CAPTURE_AUTORELEASING = YES;
				CLANG_WARN_BOOL_CONVERSION = YES;
				CLANG_WARN_COMMA = YES;
				CLANG_WARN_CONSTANT_CONVERSION = YES;
				CLANG_WARN_DEPRECATED_OBJC_IMPLEMENTATIONS = YES;
				CLANG_WARN_DIRECT_OBJC_ISA_USAGE = YES_ERROR;
				CLANG_WARN_DOCUMENTATION_COMMENTS = YES;
				CLANG_WARN_EMPTY_BODY = YES;
				CLANG_WARN_ENUM_CONVERSION = YES;
				CLANG_WARN_INFINITE_RECURSION = YES;
				CLANG_WARN_INT_CONVERSION = YES;
				CLANG_WARN_NON_LITERAL_NULL_CONVERSION = YES;
				CLANG_WARN_OBJC_IMPLICIT_RETAIN_SELF = YES;
				CLANG_WARN_OBJC_LITERAL_CONVERSION = YES;
				CLANG_WARN_OBJC_ROOT_CLASS = YES_ERROR;
				CLANG_WARN_QUOTED_INCLUDE_IN_FRAMEWORK_HEADER = YES;
				CLANG_WARN_RANGE_LOOP_ANALYSIS = YES;
				CLANG_WARN_STRICT_PROTOTYPES = YES;
				CLANG_WARN_SUSPICIOUS_MOVE = YES;
				CLANG_WARN_UNGUARDED_AVAILABILITY = YES_AGGRESSIVE;
				CLANG_WARN_UNREACHABLE_CODE = YES;
				CLANG_WARN__DUPLICATE_METHOD_MATCH = YES;
				COPY_PHASE_STRIP = NO;
				DEBUG_INFORMATION_FORMAT = dwarf;
				ENABLE_STRICT_OBJC_MSGSEND = YES;
				ENABLE_TESTABILITY = YES;
				GCC_C_LANGUAGE_STANDARD = gnu11;
				GCC_DYNAMIC_NO_PIC = NO;
				GCC_NO_COMMON_BLOCKS = YES;
				GCC_OPTIMIZATION_LEVEL = 0;
				GCC_PREPROCESSOR_DEFINITIONS = (
					"DEBUG=1",
					"$(inherited)",
				);
				GCC_WARN_64_TO_32_BIT_CONVERSION = YES;
				GCC_WARN_ABOUT_RETURN_TYPE = YES_ERROR;
				GCC_WARN_UNDECLARED_SELECTOR = YES;
				GCC_WARN_UNINITIALIZED_AUTOS = YES_AGGRESSIVE;
				GCC_WARN_UNUSED_FUNCTION = YES;
				GCC_WARN_UNUSED_VARIABLE = YES;
				IPHONEOS_DEPLOYMENT_TARGET = 15.2;
				MTL_ENABLE_DEBUG_INFO = INCLUDE_SOURCE;
				MTL_FAST_MATH = YES;
				ONLY_ACTIVE_ARCH = YES;
				SDKROOT = iphoneos;
				SWIFT_ACTIVE_COMPILATION_CONDITIONS = DEBUG;
				SWIFT_OPTIMIZATION_LEVEL = "-Onone";
			};
			name = Debug;
		};
		6EAE811F2841946700D8C2F8 /* Release */ = {
			isa = XCBuildConfiguration;
			buildSettings = {
				ALWAYS_SEARCH_USER_PATHS = NO;
				CLANG_ANALYZER_NONNULL = YES;
				CLANG_ANALYZER_NUMBER_OBJECT_CONVERSION = YES_AGGRESSIVE;
				CLANG_CXX_LANGUAGE_STANDARD = "gnu++17";
				CLANG_CXX_LIBRARY = "libc++";
				CLANG_ENABLE_MODULES = YES;
				CLANG_ENABLE_OBJC_ARC = YES;
				CLANG_ENABLE_OBJC_WEAK = YES;
				CLANG_WARN_BLOCK_CAPTURE_AUTORELEASING = YES;
				CLANG_WARN_BOOL_CONVERSION = YES;
				CLANG_WARN_COMMA = YES;
				CLANG_WARN_CONSTANT_CONVERSION = YES;
				CLANG_WARN_DEPRECATED_OBJC_IMPLEMENTATIONS = YES;
				CLANG_WARN_DIRECT_OBJC_ISA_USAGE = YES_ERROR;
				CLANG_WARN_DOCUMENTATION_COMMENTS = YES;
				CLANG_WARN_EMPTY_BODY = YES;
				CLANG_WARN_ENUM_CONVERSION = YES;
				CLANG_WARN_INFINITE_RECURSION = YES;
				CLANG_WARN_INT_CONVERSION = YES;
				CLANG_WARN_NON_LITERAL_NULL_CONVERSION = YES;
				CLANG_WARN_OBJC_IMPLICIT_RETAIN_SELF = YES;
				CLANG_WARN_OBJC_LITERAL_CONVERSION = YES;
				CLANG_WARN_OBJC_ROOT_CLASS = YES_ERROR;
				CLANG_WARN_QUOTED_INCLUDE_IN_FRAMEWORK_HEADER = YES;
				CLANG_WARN_RANGE_LOOP_ANALYSIS = YES;
				CLANG_WARN_STRICT_PROTOTYPES = YES;
				CLANG_WARN_SUSPICIOUS_MOVE = YES;
				CLANG_WARN_UNGUARDED_AVAILABILITY = YES_AGGRESSIVE;
				CLANG_WARN_UNREACHABLE_CODE = YES;
				CLANG_WARN__DUPLICATE_METHOD_MATCH = YES;
				COPY_PHASE_STRIP = NO;
				DEBUG_INFORMATION_FORMAT = "dwarf-with-dsym";
				ENABLE_NS_ASSERTIONS = NO;
				ENABLE_STRICT_OBJC_MSGSEND = YES;
				GCC_C_LANGUAGE_STANDARD = gnu11;
				GCC_NO_COMMON_BLOCKS = YES;
				GCC_WARN_64_TO_32_BIT_CONVERSION = YES;
				GCC_WARN_ABOUT_RETURN_TYPE = YES_ERROR;
				GCC_WARN_UNDECLARED_SELECTOR = YES;
				GCC_WARN_UNINITIALIZED_AUTOS = YES_AGGRESSIVE;
				GCC_WARN_UNUSED_FUNCTION = YES;
				GCC_WARN_UNUSED_VARIABLE = YES;
				IPHONEOS_DEPLOYMENT_TARGET = 15.2;
				MTL_ENABLE_DEBUG_INFO = NO;
				MTL_FAST_MATH = YES;
				SDKROOT = iphoneos;
				SWIFT_COMPILATION_MODE = wholemodule;
				SWIFT_OPTIMIZATION_LEVEL = "-O";
				VALIDATE_PRODUCT = YES;
			};
			name = Release;
		};
		6EAE81212841946700D8C2F8 /* Debug */ = {
			isa = XCBuildConfiguration;
			buildSettings = {
				ASSETCATALOG_COMPILER_APPICON_NAME = AppIcon;
				ASSETCATALOG_COMPILER_GLOBAL_ACCENT_COLOR_NAME = AccentColor;
				CODE_SIGN_STYLE = Automatic;
				CURRENT_PROJECT_VERSION = 1;
				DEVELOPMENT_TEAM = ADZAAG75MX;
				GENERATE_INFOPLIST_FILE = YES;
				INFOPLIST_FILE = MusicPlayer/Info.plist;
				INFOPLIST_KEY_UIApplicationSupportsIndirectInputEvents = YES;
				INFOPLIST_KEY_UILaunchStoryboardName = LaunchScreen;
				INFOPLIST_KEY_UIMainStoryboardFile = Main;
				INFOPLIST_KEY_UISupportedInterfaceOrientations_iPad = "UIInterfaceOrientationPortrait UIInterfaceOrientationPortraitUpsideDown UIInterfaceOrientationLandscapeLeft UIInterfaceOrientationLandscapeRight";
				INFOPLIST_KEY_UISupportedInterfaceOrientations_iPhone = "UIInterfaceOrientationPortrait UIInterfaceOrientationLandscapeLeft UIInterfaceOrientationLandscapeRight";
				LD_RUNPATH_SEARCH_PATHS = (
					"$(inherited)",
					"@executable_path/Frameworks",
				);
				MARKETING_VERSION = 1.0;
				PRODUCT_BUNDLE_IDENTIFIER = com.binaracademyChallenge.MusicPlayer;
				PRODUCT_NAME = "$(TARGET_NAME)";
				SWIFT_EMIT_LOC_STRINGS = YES;
				SWIFT_VERSION = 5.0;
				TARGETED_DEVICE_FAMILY = "1,2";
			};
			name = Debug;
		};
		6EAE81222841946700D8C2F8 /* Release */ = {
			isa = XCBuildConfiguration;
			buildSettings = {
				ASSETCATALOG_COMPILER_APPICON_NAME = AppIcon;
				ASSETCATALOG_COMPILER_GLOBAL_ACCENT_COLOR_NAME = AccentColor;
				CODE_SIGN_STYLE = Automatic;
				CURRENT_PROJECT_VERSION = 1;
				DEVELOPMENT_TEAM = ADZAAG75MX;
				GENERATE_INFOPLIST_FILE = YES;
				INFOPLIST_FILE = MusicPlayer/Info.plist;
				INFOPLIST_KEY_UIApplicationSupportsIndirectInputEvents = YES;
				INFOPLIST_KEY_UILaunchStoryboardName = LaunchScreen;
				INFOPLIST_KEY_UIMainStoryboardFile = Main;
				INFOPLIST_KEY_UISupportedInterfaceOrientations_iPad = "UIInterfaceOrientationPortrait UIInterfaceOrientationPortraitUpsideDown UIInterfaceOrientationLandscapeLeft UIInterfaceOrientationLandscapeRight";
				INFOPLIST_KEY_UISupportedInterfaceOrientations_iPhone = "UIInterfaceOrientationPortrait UIInterfaceOrientationLandscapeLeft UIInterfaceOrientationLandscapeRight";
				LD_RUNPATH_SEARCH_PATHS = (
					"$(inherited)",
					"@executable_path/Frameworks",
				);
				MARKETING_VERSION = 1.0;
				PRODUCT_BUNDLE_IDENTIFIER = com.binaracademyChallenge.MusicPlayer;
				PRODUCT_NAME = "$(TARGET_NAME)";
				SWIFT_EMIT_LOC_STRINGS = YES;
				SWIFT_VERSION = 5.0;
				TARGETED_DEVICE_FAMILY = "1,2";
			};
			name = Release;
		};
		6EAE81242841946700D8C2F8 /* Debug */ = {
			isa = XCBuildConfiguration;
			buildSettings = {
				ALWAYS_EMBED_SWIFT_STANDARD_LIBRARIES = YES;
				BUNDLE_LOADER = "$(TEST_HOST)";
				CODE_SIGN_STYLE = Automatic;
				CURRENT_PROJECT_VERSION = 1;
				DEVELOPMENT_TEAM = ADZAAG75MX;
				GENERATE_INFOPLIST_FILE = YES;
				IPHONEOS_DEPLOYMENT_TARGET = 15.2;
				MARKETING_VERSION = 1.0;
				PRODUCT_BUNDLE_IDENTIFIER = com.binaracademyChallenge.MusicPlayerTests;
				PRODUCT_NAME = "$(TARGET_NAME)";
				SWIFT_EMIT_LOC_STRINGS = NO;
				SWIFT_VERSION = 5.0;
				TARGETED_DEVICE_FAMILY = "1,2";
				TEST_HOST = "$(BUILT_PRODUCTS_DIR)/MusicPlayer.app/MusicPlayer";
			};
			name = Debug;
		};
		6EAE81252841946700D8C2F8 /* Release */ = {
			isa = XCBuildConfiguration;
			buildSettings = {
				ALWAYS_EMBED_SWIFT_STANDARD_LIBRARIES = YES;
				BUNDLE_LOADER = "$(TEST_HOST)";
				CODE_SIGN_STYLE = Automatic;
				CURRENT_PROJECT_VERSION = 1;
				DEVELOPMENT_TEAM = ADZAAG75MX;
				GENERATE_INFOPLIST_FILE = YES;
				IPHONEOS_DEPLOYMENT_TARGET = 15.2;
				MARKETING_VERSION = 1.0;
				PRODUCT_BUNDLE_IDENTIFIER = com.binaracademyChallenge.MusicPlayerTests;
				PRODUCT_NAME = "$(TARGET_NAME)";
				SWIFT_EMIT_LOC_STRINGS = NO;
				SWIFT_VERSION = 5.0;
				TARGETED_DEVICE_FAMILY = "1,2";
				TEST_HOST = "$(BUILT_PRODUCTS_DIR)/MusicPlayer.app/MusicPlayer";
			};
			name = Release;
		};
		6EAE81272841946700D8C2F8 /* Debug */ = {
			isa = XCBuildConfiguration;
			buildSettings = {
				ALWAYS_EMBED_SWIFT_STANDARD_LIBRARIES = YES;
				CODE_SIGN_STYLE = Automatic;
				CURRENT_PROJECT_VERSION = 1;
				DEVELOPMENT_TEAM = ADZAAG75MX;
				GENERATE_INFOPLIST_FILE = YES;
				MARKETING_VERSION = 1.0;
				PRODUCT_BUNDLE_IDENTIFIER = com.binaracademyChallenge.MusicPlayerUITests;
				PRODUCT_NAME = "$(TARGET_NAME)";
				SWIFT_EMIT_LOC_STRINGS = NO;
				SWIFT_VERSION = 5.0;
				TARGETED_DEVICE_FAMILY = "1,2";
				TEST_TARGET_NAME = MusicPlayer;
			};
			name = Debug;
		};
		6EAE81282841946700D8C2F8 /* Release */ = {
			isa = XCBuildConfiguration;
			buildSettings = {
				ALWAYS_EMBED_SWIFT_STANDARD_LIBRARIES = YES;
				CODE_SIGN_STYLE = Automatic;
				CURRENT_PROJECT_VERSION = 1;
				DEVELOPMENT_TEAM = ADZAAG75MX;
				GENERATE_INFOPLIST_FILE = YES;
				MARKETING_VERSION = 1.0;
				PRODUCT_BUNDLE_IDENTIFIER = com.binaracademyChallenge.MusicPlayerUITests;
				PRODUCT_NAME = "$(TARGET_NAME)";
				SWIFT_EMIT_LOC_STRINGS = NO;
				SWIFT_VERSION = 5.0;
				TARGETED_DEVICE_FAMILY = "1,2";
				TEST_TARGET_NAME = MusicPlayer;
			};
			name = Release;
		};
/* End XCBuildConfiguration section */

/* Begin XCConfigurationList section */
		6EAE80F12841946300D8C2F8 /* Build configuration list for PBXProject "MusicPlayer" */ = {
			isa = XCConfigurationList;
			buildConfigurations = (
				6EAE811E2841946700D8C2F8 /* Debug */,
				6EAE811F2841946700D8C2F8 /* Release */,
			);
			defaultConfigurationIsVisible = 0;
			defaultConfigurationName = Release;
		};
		6EAE81202841946700D8C2F8 /* Build configuration list for PBXNativeTarget "MusicPlayer" */ = {
			isa = XCConfigurationList;
			buildConfigurations = (
				6EAE81212841946700D8C2F8 /* Debug */,
				6EAE81222841946700D8C2F8 /* Release */,
			);
			defaultConfigurationIsVisible = 0;
			defaultConfigurationName = Release;
		};
		6EAE81232841946700D8C2F8 /* Build configuration list for PBXNativeTarget "MusicPlayerTests" */ = {
			isa = XCConfigurationList;
			buildConfigurations = (
				6EAE81242841946700D8C2F8 /* Debug */,
				6EAE81252841946700D8C2F8 /* Release */,
			);
			defaultConfigurationIsVisible = 0;
			defaultConfigurationName = Release;
		};
		6EAE81262841946700D8C2F8 /* Build configuration list for PBXNativeTarget "MusicPlayerUITests" */ = {
			isa = XCConfigurationList;
			buildConfigurations = (
				6EAE81272841946700D8C2F8 /* Debug */,
				6EAE81282841946700D8C2F8 /* Release */,
			);
			defaultConfigurationIsVisible = 0;
			defaultConfigurationName = Release;
		};
/* End XCConfigurationList section */
	};
	rootObject = 6EAE80EE2841946300D8C2F8 /* Project object */;
}
